
Microsoft Visual Studio Solution File, Format Version 12.00
# Visual Studio Version 17
VisualStudioVersion = 17.9.34414.90
MinimumVisualStudioVersion = 10.0.40219.1
Project("{FAE04EC0-301F-11D3-BF4B-00C04F79EFBC}") = "SelfExtractingZipGenerator", "SelfExtractingZipGenerator\SelfExtractingZipGenerator.csproj", "{E0C355FA-F348-4303-B280-29FB1B3CA65B}"
EndProject
Project("{FAE04EC0-301F-11D3-BF4B-00C04F79EFBC}") = "SelfExtractingZipGenerator.ConsoleApp", "SelfExtractingZipGenerator.ConsoleApp\SelfExtractingZipGenerator.ConsoleApp.csproj", "{13DEE03F-0ADD-4E96-9F5D-5AC1A3F71A4F}"
EndProject
Project("{FAE04EC0-301F-11D3-BF4B-00C04F79EFBC}") = "SelfExtractingZipGenerator.TestApp", "SelfExtractingZipGenerator.TestApp\SelfExtractingZipGenerator.TestApp.csproj", "{A9212D56-B435-4043-84E0-943F2CCFF11D}"
EndProject
Global
	GlobalSection(SolutionConfigurationPlatforms) = preSolution
		Debug|Any CPU = Debug|Any CPU
		Release|Any CPU = Release|Any CPU
	EndGlobalSection
	GlobalSection(ProjectConfigurationPlatforms) = postSolution
		{E0C355FA-F348-4303-B280-29FB1B3CA65B}.Debug|Any CPU.ActiveCfg = Debug|Any CPU
		{E0C355FA-F348-4303-B280-29FB1B3CA65B}.Debug|Any CPU.Build.0 = Debug|Any CPU
		{E0C355FA-F348-4303-B280-29FB1B3CA65B}.Release|Any CPU.ActiveCfg = Release|Any CPU
		{E0C355FA-F348-4303-B280-29FB1B3CA65B}.Release|Any CPU.Build.0 = Release|Any CPU
		{13DEE03F-0ADD-4E96-9F5D-5AC1A3F71A4F}.Debug|Any CPU.ActiveCfg = Debug|Any CPU
		{13DEE03F-0ADD-4E96-9F5D-5AC1A3F71A4F}.Debug|Any CPU.Build.0 = Debug|Any CPU
		{13DEE03F-0ADD-4E96-9F5D-5AC1A3F71A4F}.Release|Any CPU.ActiveCfg = Release|Any CPU
		{13DEE03F-0ADD-4E96-9F5D-5AC1A3F71A4F}.Release|Any CPU.Build.0 = Release|Any CPU
		{A9212D56-B435-4043-84E0-943F2CCFF11D}.Debug|Any CPU.ActiveCfg = Debug|Any CPU
		{A9212D56-B435-4043-84E0-943F2CCFF11D}.Debug|Any CPU.Build.0 = Debug|Any CPU
		{A9212D56-B435-4043-84E0-943F2CCFF11D}.Release|Any CPU.ActiveCfg = Release|Any CPU
		{A9212D56-B435-4043-84E0-943F2CCFF11D}.Release|Any CPU.Build.0 = Release|Any CPU
	EndGlobalSection
	GlobalSection(SolutionProperties) = preSolution
		HideSolutionNode = FALSE
	EndGlobalSection
	GlobalSection(ExtensibilityGlobals) = postSolution
		SolutionGuid = {38AF5CF4-C037-4E6F-B13E-AAC72C4648F1}
	EndGlobalSection
EndGlobal
